# THIS IS AN AUTOGENERATED FILE. DO NOT EDIT THIS FILE DIRECTLY.
# yarn lockfile v1


asap@~1.0.0:
  version "1.0.0"
  resolved "https://registry.yarnpkg.com/asap/-/asap-1.0.0.tgz#b2a45da5fdfa20b0496fc3768cc27c12fa916a7d"
  integrity sha1-sqRdpf36ILBJb8N2jMJ8EvqRan0=

promise@~5.0.0:
  version "5.0.0"
  resolved "https://registry.yarnpkg.com/promise/-/promise-5.0.0.tgz#ac40b7866bed7aaf796ab5b79b80325e047ec0ef"
  integrity sha1-rEC3hmvteq95arW3m4AyXgR+wO8=
  dependencies:
    asap "~1.0.0"

typetalk-js@^0.2.0:
  version "0.2.0"
  resolved "https://registry.yarnpkg.com/typetalk-js/-/typetalk-js-0.2.0.tgz#2a78917d4f82ecaf7289753e7b2879062c839013"
  integrity sha1-KniRfU+C7K9yiXU+eyh5BiyDkBM=
  dependencies:
    promise "~5.0.0"
    xmlhttprequest "~1.6.0"

xmlhttprequest@~1.6.0:
  version "1.6.0"
  resolved "https://registry.yarnpkg.com/xmlhttprequest/-/xmlhttprequest-1.6.0.tgz#493d285f59266fdcb8d4fefd25345a7b693c966c"
  integrity sha1-ST0oX1kmb9y41P79JTRae2k8lmw=
